
Microsoft Visual Studio Solution File, Format Version 12.00
# Visual Studio Version 17
VisualStudioVersion = 17.5.33530.505
MinimumVisualStudioVersion = 10.0.40219.1
Project("{FAE04EC0-301F-11D3-BF4B-00C04F79EFBC}") = "BlazorServerApp1", "BlazorServerApp1\BlazorServerApp1.csproj", "{546B6194-1DE6-49F6-9F32-A6A95E20E1E2}"
EndProject
Global
	GlobalSection(SolutionConfigurationPlatforms) = preSolution
		Debug|Any CPU = Debug|Any CPU
		Release|Any CPU = Release|Any CPU
	EndGlobalSection
	GlobalSection(ProjectConfigurationPlatforms) = postSolution
		{546B6194-1DE6-49F6-9F32-A6A95E20E1E2}.Debug|Any CPU.ActiveCfg = Debug|Any CPU
		{546B6194-1DE6-49F6-9F32-A6A95E20E1E2}.Debug|Any CPU.Build.0 = Debug|Any CPU
		{546B6194-1DE6-49F6-9F32-A6A95E20E1E2}.Release|Any CPU.ActiveCfg = Release|Any CPU
		{546B6194-1DE6-49F6-9F32-A6A95E20E1E2}.Release|Any CPU.Build.0 = Release|Any CPU
	EndGlobalSection
	GlobalSection(SolutionProperties) = preSolution
		HideSolutionNode = FALSE
	EndGlobalSection
	GlobalSection(ExtensibilityGlobals) = postSolution
		SolutionGuid = {41F67787-EA6B-4B60-8B56-76FE7CDEBEFE}
	EndGlobalSection
EndGlobal
